
Microsoft Visual Studio Solution File, Format Version 12.00
# Visual Studio Version 17
VisualStudioVersion = 17.14.36414.22
MinimumVisualStudioVersion = 10.0.40219.1
Project("{8BC9CEB8-8B4A-11D0-8D11-00A0C91BC942}") = "Lab1", "Lab1\Lab1.vcxproj", "{D394821A-0A54-4AFF-89FA-2AA2168C8717}"
EndProject
Project("{8BC9CEB8-8B4A-11D0-8D11-00A0C91BC942}") = "Lab2", "Lab2\Lab2.vcxproj", "{32738B9D-5449-4DA7-9FF5-829DB420CB79}"
EndProject
Project("{8BC9CEB8-8B4A-11D0-8D11-00A0C91BC942}") = "Lab3", "Lab3\Lab3.vcxproj", "{9B3635AC-0A98-4504-B6BF-6B4A8978F3B8}"
EndProject
Global
	GlobalSection(SolutionConfigurationPlatforms) = preSolution
		Debug|x64 = Debug|x64
		Debug|x86 = Debug|x86
		Release|x64 = Release|x64
		Release|x86 = Release|x86
	EndGlobalSection
	GlobalSection(ProjectConfigurationPlatforms) = postSolution
		{D394821A-0A54-4AFF-89FA-2AA2168C8717}.Debug|x64.ActiveCfg = Debug|x64
		{D394821A-0A54-4AFF-89FA-2AA2168C8717}.Debug|x64.Build.0 = Debug|x64
		{D394821A-0A54-4AFF-89FA-2AA2168C8717}.Debug|x86.ActiveCfg = Debug|Win32
		{D394821A-0A54-4AFF-89FA-2AA2168C8717}.Debug|x86.Build.0 = Debug|Win32
		{D394821A-0A54-4AFF-89FA-2AA2168C8717}.Release|x64.ActiveCfg = Release|x64
		{D394821A-0A54-4AFF-89FA-2AA2168C8717}.Release|x64.Build.0 = Release|x64
		{D394821A-0A54-4AFF-89FA-2AA2168C8717}.Release|x86.ActiveCfg = Release|Win32
		{D394821A-0A54-4AFF-89FA-2AA2168C8717}.Release|x86.Build.0 = Release|Win32
		{32738B9D-5449-4DA7-9FF5-829DB420CB79}.Debug|x64.ActiveCfg = Debug|x64
		{32738B9D-5449-4DA7-9FF5-829DB420CB79}.Debug|x64.Build.0 = Debug|x64
		{32738B9D-5449-4DA7-9FF5-829DB420CB79}.Debug|x86.ActiveCfg = Debug|Win32
		{32738B9D-5449-4DA7-9FF5-829DB420CB79}.Debug|x86.Build.0 = Debug|Win32
		{32738B9D-5449-4DA7-9FF5-829DB420CB79}.Release|x64.ActiveCfg = Release|x64
		{32738B9D-5449-4DA7-9FF5-829DB420CB79}.Release|x64.Build.0 = Release|x64
		{32738B9D-5449-4DA7-9FF5-829DB420CB79}.Release|x86.ActiveCfg = Release|Win32
		{32738B9D-5449-4DA7-9FF5-829DB420CB79}.Release|x86.Build.0 = Release|Win32
		{9B3635AC-0A98-4504-B6BF-6B4A8978F3B8}.Debug|x64.ActiveCfg = Debug|x64
		{9B3635AC-0A98-4504-B6BF-6B4A8978F3B8}.Debug|x64.Build.0 = Debug|x64
		{9B3635AC-0A98-4504-B6BF-6B4A8978F3B8}.Debug|x86.ActiveCfg = Debug|Win32
		{9B3635AC-0A98-4504-B6BF-6B4A8978F3B8}.Debug|x86.Build.0 = Debug|Win32
		{9B3635AC-0A98-4504-B6BF-6B4A8978F3B8}.Release|x64.ActiveCfg = Release|x64
		{9B3635AC-0A98-4504-B6BF-6B4A8978F3B8}.Release|x64.Build.0 = Release|x64
		{9B3635AC-0A98-4504-B6BF-6B4A8978F3B8}.Release|x86.ActiveCfg = Release|Win32
		{9B3635AC-0A98-4504-B6BF-6B4A8978F3B8}.Release|x86.Build.0 = Release|Win32
	EndGlobalSection
	GlobalSection(SolutionProperties) = preSolution
		HideSolutionNode = FALSE
	EndGlobalSection
	GlobalSection(ExtensibilityGlobals) = postSolution
		SolutionGuid = {83897879-1334-479E-B156-65E8CC442664}
	EndGlobalSection
EndGlobal
